// !$*UTF8*$!
{
	archiveVersion = 1;
	classes = {
	};
	objectVersion = 50;
	objects = {

/* Begin PBXBuildFile section */
		997CE5C2253716DE0060CAED /* CppRender.hpp in Headers */ = {isa = PBXBuildFile; fileRef = 997CE5C1253716DE0060CAED /* CppRender.hpp */; };
		997CE5C6253716DE0060CAED /* CppRender.cpp in Sources */ = {isa = PBXBuildFile; fileRef = 997CE5C5253716DE0060CAED /* CppRender.cpp */; };
		997CE5FB253726E40060CAED /* CppFrameBuffer.cpp in Sources */ = {isa = PBXBuildFile; fileRef = 997CE5F9253726E40060CAED /* CppFrameBuffer.cpp */; };
		997CE5FC253726E40060CAED /* CppFrameBuffer.hpp in Headers */ = {isa = PBXBuildFile; fileRef = 997CE5FA253726E40060CAED /* CppFrameBuffer.hpp */; };
		997CE5FF253727E30060CAED /* CppContext.cpp in Sources */ = {isa = PBXBuildFile; fileRef = 997CE5FD253727E30060CAED /* CppContext.cpp */; };
		997CE600253727E30060CAED /* CppContext.hpp in Headers */ = {isa = PBXBuildFile; fileRef = 997CE5FE253727E30060CAED /* CppContext.hpp */; };
		997CE60325387C610060CAED /* CppRenderBuffer.cpp in Sources */ = {isa = PBXBuildFile; fileRef = 997CE60125387C610060CAED /* CppRenderBuffer.cpp */; };
		997CE60425387C610060CAED /* CppRenderBuffer.hpp in Headers */ = {isa = PBXBuildFile; fileRef = 997CE60225387C610060CAED /* CppRenderBuffer.hpp */; };
		997CE60725387D5E0060CAED /* CppBuffer.cpp in Sources */ = {isa = PBXBuildFile; fileRef = 997CE60525387D5E0060CAED /* CppBuffer.cpp */; };
		997CE60825387D5E0060CAED /* CppBuffer.hpp in Headers */ = {isa = PBXBuildFile; fileRef = 997CE60625387D5E0060CAED /* CppBuffer.hpp */; };
		997CE60C253932250060CAED /* CppVertexArray.cpp in Sources */ = {isa = PBXBuildFile; fileRef = 997CE60A253932250060CAED /* CppVertexArray.cpp */; };
		997CE60D253932250060CAED /* CppVertexArray.hpp in Headers */ = {isa = PBXBuildFile; fileRef = 997CE60B253932250060CAED /* CppVertexArray.hpp */; };
		997CE6102539A3850060CAED /* CppUtils.cpp in Sources */ = {isa = PBXBuildFile; fileRef = 997CE60E2539A3850060CAED /* CppUtils.cpp */; };
		997CE6112539A3850060CAED /* CppUtils.hpp in Headers */ = {isa = PBXBuildFile; fileRef = 997CE60F2539A3850060CAED /* CppUtils.hpp */; };
		997CE614253AE7160060CAED /* CppDraw.cpp in Sources */ = {isa = PBXBuildFile; fileRef = 997CE612253AE7150060CAED /* CppDraw.cpp */; };
		997CE615253AE7160060CAED /* CppDraw.hpp in Headers */ = {isa = PBXBuildFile; fileRef = 997CE613253AE7150060CAED /* CppDraw.hpp */; };
		997CE618253AEA950060CAED /* CppPrimitive.cpp in Sources */ = {isa = PBXBuildFile; fileRef = 997CE616253AEA950060CAED /* CppPrimitive.cpp */; };
		997CE619253AEA950060CAED /* CppPrimitive.hpp in Headers */ = {isa = PBXBuildFile; fileRef = 997CE617253AEA950060CAED /* CppPrimitive.hpp */; };
		997CE61C253AEC400060CAED /* CppLines.cpp in Sources */ = {isa = PBXBuildFile; fileRef = 997CE61A253AEC400060CAED /* CppLines.cpp */; };
		997CE61D253AEC400060CAED /* CppLines.hpp in Headers */ = {isa = PBXBuildFile; fileRef = 997CE61B253AEC400060CAED /* CppLines.hpp */; };
		997CE65F253AF2C00060CAED /* lauxlib.c in Sources */ = {isa = PBXBuildFile; fileRef = 997CE620253AF2C00060CAED /* lauxlib.c */; };
		997CE660253AF2C00060CAED /* lmem.h in Headers */ = {isa = PBXBuildFile; fileRef = 997CE621253AF2C00060CAED /* lmem.h */; };
		997CE661253AF2C00060CAED /* llimits.h in Headers */ = {isa = PBXBuildFile; fileRef = 997CE622253AF2C00060CAED /* llimits.h */; };
		997CE662253AF2C00060CAED /* luaconf.h in Headers */ = {isa = PBXBuildFile; fileRef = 997CE623253AF2C00060CAED /* luaconf.h */; };
		997CE663253AF2C00060CAED /* lzio.h in Headers */ = {isa = PBXBuildFile; fileRef = 997CE624253AF2C00060CAED /* lzio.h */; };
		997CE664253AF2C00060CAED /* lgc.h in Headers */ = {isa = PBXBuildFile; fileRef = 997CE625253AF2C00060CAED /* lgc.h */; };
		997CE665253AF2C00060CAED /* liolib.c in Sources */ = {isa = PBXBuildFile; fileRef = 997CE626253AF2C00060CAED /* liolib.c */; };
		997CE666253AF2C00060CAED /* lopcodes.c in Sources */ = {isa = PBXBuildFile; fileRef = 997CE627253AF2C00060CAED /* lopcodes.c */; };
		997CE667253AF2C00060CAED /* lstate.c in Sources */ = {isa = PBXBuildFile; fileRef = 997CE628253AF2C00060CAED /* lstate.c */; };
		997CE668253AF2C00060CAED /* lua.hpp in Headers */ = {isa = PBXBuildFile; fileRef = 997CE629253AF2C00060CAED /* lua.hpp */; };
		997CE669253AF2C00060CAED /* lobject.c in Sources */ = {isa = PBXBuildFile; fileRef = 997CE62A253AF2C00060CAED /* lobject.c */; };
		997CE66A253AF2C00060CAED /* lualib.h in Headers */ = {isa = PBXBuildFile; fileRef = 997CE62B253AF2C00060CAED /* lualib.h */; };
		997CE66B253AF2C00060CAED /* lmathlib.c in Sources */ = {isa = PBXBuildFile; fileRef = 997CE62C253AF2C00060CAED /* lmathlib.c */; };
		997CE66C253AF2C00060CAED /* lopnames.h in Headers */ = {isa = PBXBuildFile; fileRef = 997CE62D253AF2C00060CAED /* lopnames.h */; };
		997CE66D253AF2C00060CAED /* loadlib.c in Sources */ = {isa = PBXBuildFile; fileRef = 997CE62E253AF2C00060CAED /* loadlib.c */; };
		997CE66E253AF2C00060CAED /* lvm.c in Sources */ = {isa = PBXBuildFile; fileRef = 997CE62F253AF2C00060CAED /* lvm.c */; };
		997CE66F253AF2C00060CAED /* lfunc.c in Sources */ = {isa = PBXBuildFile; fileRef = 997CE630253AF2C00060CAED /* lfunc.c */; };
		997CE670253AF2C00060CAED /* lstrlib.c in Sources */ = {isa = PBXBuildFile; fileRef = 997CE631253AF2C00060CAED /* lstrlib.c */; };
		997CE671253AF2C00060CAED /* Makefile in Sources */ = {isa = PBXBuildFile; fileRef = 997CE632253AF2C00060CAED /* Makefile */; };
		997CE673253AF2C00060CAED /* ldebug.h in Headers */ = {isa = PBXBuildFile; fileRef = 997CE634253AF2C00060CAED /* ldebug.h */; };
		997CE674253AF2C00060CAED /* linit.c in Sources */ = {isa = PBXBuildFile; fileRef = 997CE635253AF2C00060CAED /* linit.c */; };
		997CE675253AF2C00060CAED /* lcode.h in Headers */ = {isa = PBXBuildFile; fileRef = 997CE636253AF2C00060CAED /* lcode.h */; };
		997CE676253AF2C00060CAED /* lapi.h in Headers */ = {isa = PBXBuildFile; fileRef = 997CE637253AF2C00060CAED /* lapi.h */; };
		997CE677253AF2C00060CAED /* lstring.c in Sources */ = {isa = PBXBuildFile; fileRef = 997CE638253AF2C00060CAED /* lstring.c */; };
		997CE678253AF2C00060CAED /* ldo.h in Headers */ = {isa = PBXBuildFile; fileRef = 997CE639253AF2C00060CAED /* ldo.h */; };
		997CE679253AF2C00060CAED /* lundump.c in Sources */ = {isa = PBXBuildFile; fileRef = 997CE63A253AF2C00060CAED /* lundump.c */; };
		997CE67A253AF2C00060CAED /* lctype.c in Sources */ = {isa = PBXBuildFile; fileRef = 997CE63B253AF2C00060CAED /* lctype.c */; };
		997CE67B253AF2C00060CAED /* ljumptab.h in Headers */ = {isa = PBXBuildFile; fileRef = 997CE63C253AF2C00060CAED /* ljumptab.h */; };
		997CE67C253AF2C00060CAED /* llex.h in Headers */ = {isa = PBXBuildFile; fileRef = 997CE63D253AF2C00060CAED /* llex.h */; };
		997CE67E253AF2C00060CAED /* ltm.h in Headers */ = {isa = PBXBuildFile; fileRef = 997CE63F253AF2C00060CAED /* ltm.h */; };
		997CE67F253AF2C00060CAED /* ltable.c in Sources */ = {isa = PBXBuildFile; fileRef = 997CE640253AF2C00060CAED /* ltable.c */; };
		997CE680253AF2C00060CAED /* lparser.h in Headers */ = {isa = PBXBuildFile; fileRef = 997CE641253AF2C00060CAED /* lparser.h */; };
		997CE681253AF2C00060CAED /* ldump.c in Sources */ = {isa = PBXBuildFile; fileRef = 997CE642253AF2C00060CAED /* ldump.c */; };
		997CE682253AF2C00060CAED /* lobject.h in Headers */ = {isa = PBXBuildFile; fileRef = 997CE643253AF2C00060CAED /* lobject.h */; };
		997CE683253AF2C00060CAED /* lstate.h in Headers */ = {isa = PBXBuildFile; fileRef = 997CE644253AF2C00060CAED /* lstate.h */; };
		997CE684253AF2C00060CAED /* lopcodes.h in Headers */ = {isa = PBXBuildFile; fileRef = 997CE645253AF2C00060CAED /* lopcodes.h */; };
		997CE685253AF2C00060CAED /* loslib.c in Sources */ = {isa = PBXBuildFile; fileRef = 997CE646253AF2C00060CAED /* loslib.c */; };
		997CE686253AF2C00060CAED /* lgc.c in Sources */ = {isa = PBXBuildFile; fileRef = 997CE647253AF2C00060CAED /* lgc.c */; };
		997CE687253AF2C00060CAED /* lzio.c in Sources */ = {isa = PBXBuildFile; fileRef = 997CE648253AF2C00060CAED /* lzio.c */; };
		997CE688253AF2C00060CAED /* ldblib.c in Sources */ = {isa = PBXBuildFile; fileRef = 997CE649253AF2C00060CAED /* ldblib.c */; };
		997CE689253AF2C00060CAED /* lutf8lib.c in Sources */ = {isa = PBXBuildFile; fileRef = 997CE64A253AF2C00060CAED /* lutf8lib.c */; };
		997CE68A253AF2C00060CAED /* lmem.c in Sources */ = {isa = PBXBuildFile; fileRef = 997CE64B253AF2C00060CAED /* lmem.c */; };
		997CE68B253AF2C00060CAED /* lauxlib.h in Headers */ = {isa = PBXBuildFile; fileRef = 997CE64C253AF2C00060CAED /* lauxlib.h */; };
		997CE68C253AF2C00060CAED /* lvm.h in Headers */ = {isa = PBXBuildFile; fileRef = 997CE64D253AF2C00060CAED /* lvm.h */; };
		997CE68D253AF2C00060CAED /* lcorolib.c in Sources */ = {isa = PBXBuildFile; fileRef = 997CE64E253AF2C00060CAED /* lcorolib.c */; };
		997CE68E253AF2C00060CAED /* lstring.h in Headers */ = {isa = PBXBuildFile; fileRef = 997CE64F253AF2C00060CAED /* lstring.h */; };
		997CE68F253AF2C00060CAED /* lcode.c in Sources */ = {isa = PBXBuildFile; fileRef = 997CE650253AF2C00060CAED /* lcode.c */; };
		997CE690253AF2C00060CAED /* ltablib.c in Sources */ = {isa = PBXBuildFile; fileRef = 997CE651253AF2C00060CAED /* ltablib.c */; };
		997CE691253AF2C00060CAED /* lapi.c in Sources */ = {isa = PBXBuildFile; fileRef = 997CE652253AF2C00060CAED /* lapi.c */; };
		997CE692253AF2C00060CAED /* lbaselib.c in Sources */ = {isa = PBXBuildFile; fileRef = 997CE653253AF2C00060CAED /* lbaselib.c */; };
		997CE693253AF2C00060CAED /* lua.h in Headers */ = {isa = PBXBuildFile; fileRef = 997CE654253AF2C00060CAED /* lua.h */; };
		997CE694253AF2C00060CAED /* ldebug.c in Sources */ = {isa = PBXBuildFile; fileRef = 997CE655253AF2C00060CAED /* ldebug.c */; };
		997CE695253AF2C00060CAED /* lfunc.h in Headers */ = {isa = PBXBuildFile; fileRef = 997CE656253AF2C00060CAED /* lfunc.h */; };
		997CE696253AF2C00060CAED /* lprefix.h in Headers */ = {isa = PBXBuildFile; fileRef = 997CE657253AF2C00060CAED /* lprefix.h */; };
		997CE697253AF2C00060CAED /* lparser.c in Sources */ = {isa = PBXBuildFile; fileRef = 997CE658253AF2C00060CAED /* lparser.c */; };
		997CE698253AF2C00060CAED /* llex.c in Sources */ = {isa = PBXBuildFile; fileRef = 997CE659253AF2C00060CAED /* llex.c */; };
		997CE699253AF2C00060CAED /* ltable.h in Headers */ = {isa = PBXBuildFile; fileRef = 997CE65A253AF2C00060CAED /* ltable.h */; };
		997CE69A253AF2C00060CAED /* ltm.c in Sources */ = {isa = PBXBuildFile; fileRef = 997CE65B253AF2C00060CAED /* ltm.c */; };
		997CE69B253AF2C00060CAED /* lctype.h in Headers */ = {isa = PBXBuildFile; fileRef = 997CE65C253AF2C00060CAED /* lctype.h */; };
		997CE69C253AF2C00060CAED /* ldo.c in Sources */ = {isa = PBXBuildFile; fileRef = 997CE65D253AF2C00060CAED /* ldo.c */; };
		997CE69D253AF2C00060CAED /* lundump.h in Headers */ = {isa = PBXBuildFile; fileRef = 997CE65E253AF2C00060CAED /* lundump.h */; };
		997CE6A0253AF4480060CAED /* CppProgram.cpp in Sources */ = {isa = PBXBuildFile; fileRef = 997CE69E253AF4480060CAED /* CppProgram.cpp */; };
		997CE6A1253AF4480060CAED /* CppProgram.hpp in Headers */ = {isa = PBXBuildFile; fileRef = 997CE69F253AF4480060CAED /* CppProgram.hpp */; };
		997CE6A4253AF4F20060CAED /* CppShader.cpp in Sources */ = {isa = PBXBuildFile; fileRef = 997CE6A2253AF4F20060CAED /* CppShader.cpp */; };
		997CE6A5253AF4F20060CAED /* CppShader.hpp in Headers */ = {isa = PBXBuildFile; fileRef = 997CE6A3253AF4F20060CAED /* CppShader.hpp */; };
		997CE6B4253D3FC10060CAED /* CppLuaShaderLib.cpp in Sources */ = {isa = PBXBuildFile; fileRef = 997CE6B2253D3FC10060CAED /* CppLuaShaderLib.cpp */; };
		997CE6B5253D3FC10060CAED /* CppLuaShaderLib.hpp in Headers */ = {isa = PBXBuildFile; fileRef = 997CE6B3253D3FC10060CAED /* CppLuaShaderLib.hpp */; };
		997CE6B8253D8BFE0060CAED /* CppTriangles.cpp in Sources */ = {isa = PBXBuildFile; fileRef = 997CE6B6253D8BFE0060CAED /* CppTriangles.cpp */; };
		997CE6B9253D8BFE0060CAED /* CppTriangles.hpp in Headers */ = {isa = PBXBuildFile; fileRef = 997CE6B7253D8BFE0060CAED /* CppTriangles.hpp */; };
		998B0D802541A93F002472E0 /* CppWindow.cpp in Sources */ = {isa = PBXBuildFile; fileRef = 998B0D7E2541A93F002472E0 /* CppWindow.cpp */; };
		998B0D812541A93F002472E0 /* CppWindow.hpp in Headers */ = {isa = PBXBuildFile; fileRef = 998B0D7F2541A93F002472E0 /* CppWindow.hpp */; };
		99F6AEC02539EAC70056EB4F /* CppTexture.cpp in Sources */ = {isa = PBXBuildFile; fileRef = 99F6AEBE2539EAC70056EB4F /* CppTexture.cpp */; };
		99F6AEC12539EAC70056EB4F /* CppTexture.hpp in Headers */ = {isa = PBXBuildFile; fileRef = 99F6AEBF2539EAC70056EB4F /* CppTexture.hpp */; };
		99F6AEC9253BC4D00056EB4F /* CppLuaEngine.cpp in Sources */ = {isa = PBXBuildFile; fileRef = 99F6AEC7253BC4D00056EB4F /* CppLuaEngine.cpp */; };
		99F6AECA253BC4D00056EB4F /* CppLuaEngine.hpp in Headers */ = {isa = PBXBuildFile; fileRef = 99F6AEC8253BC4D00056EB4F /* CppLuaEngine.hpp */; };
/* End PBXBuildFile section */

/* Begin PBXFileReference section */
		997CE5BE253716DE0060CAED /* libCppRender.a */ = {isa = PBXFileReference; explicitFileType = archive.ar; includeInIndex = 0; path = libCppRender.a; sourceTree = BUILT_PRODUCTS_DIR; };
		997CE5C1253716DE0060CAED /* CppRender.hpp */ = {isa = PBXFileReference; lastKnownFileType = sourcecode.cpp.h; path = CppRender.hpp; sourceTree = "<group>"; };
		997CE5C5253716DE0060CAED /* CppRender.cpp */ = {isa = PBXFileReference; lastKnownFileType = sourcecode.cpp.cpp; path = CppRender.cpp; sourceTree = "<group>"; };
		997CE5F9253726E40060CAED /* CppFrameBuffer.cpp */ = {isa = PBXFileReference; lastKnownFileType = sourcecode.cpp.cpp; path = CppFrameBuffer.cpp; sourceTree = "<group>"; };
		997CE5FA253726E40060CAED /* CppFrameBuffer.hpp */ = {isa = PBXFileReference; lastKnownFileType = sourcecode.cpp.h; path = CppFrameBuffer.hpp; sourceTree = "<group>"; };
		997CE5FD253727E30060CAED /* CppContext.cpp */ = {isa = PBXFileReference; lastKnownFileType = sourcecode.cpp.cpp; path = CppContext.cpp; sourceTree = "<group>"; };
		997CE5FE253727E30060CAED /* CppContext.hpp */ = {isa = PBXFileReference; lastKnownFileType = sourcecode.cpp.h; path = CppContext.hpp; sourceTree = "<group>"; };
		997CE60125387C610060CAED /* CppRenderBuffer.cpp */ = {isa = PBXFileReference; lastKnownFileType = sourcecode.cpp.cpp; path = CppRenderBuffer.cpp; sourceTree = "<group>"; };
		997CE60225387C610060CAED /* CppRenderBuffer.hpp */ = {isa = PBXFileReference; lastKnownFileType = sourcecode.cpp.h; path = CppRenderBuffer.hpp; sourceTree = "<group>"; };
		997CE60525387D5E0060CAED /* CppBuffer.cpp */ = {isa = PBXFileReference; lastKnownFileType = sourcecode.cpp.cpp; path = CppBuffer.cpp; sourceTree = "<group>"; };
		997CE60625387D5E0060CAED /* CppBuffer.hpp */ = {isa = PBXFileReference; lastKnownFileType = sourcecode.cpp.h; path = CppBuffer.hpp; sourceTree = "<group>"; };
		997CE60925392AB00060CAED /* CppDefine.h */ = {isa = PBXFileReference; lastKnownFileType = sourcecode.c.h; path = CppDefine.h; sourceTree = "<group>"; };
		997CE60A253932250060CAED /* CppVertexArray.cpp */ = {isa = PBXFileReference; lastKnownFileType = sourcecode.cpp.cpp; path = CppVertexArray.cpp; sourceTree = "<group>"; };
		997CE60B253932250060CAED /* CppVertexArray.hpp */ = {isa = PBXFileReference; lastKnownFileType = sourcecode.cpp.h; path = CppVertexArray.hpp; sourceTree = "<group>"; };
		997CE60E2539A3850060CAED /* CppUtils.cpp */ = {isa = PBXFileReference; lastKnownFileType = sourcecode.cpp.cpp; path = CppUtils.cpp; sourceTree = "<group>"; };
		997CE60F2539A3850060CAED /* CppUtils.hpp */ = {isa = PBXFileReference; lastKnownFileType = sourcecode.cpp.h; path = CppUtils.hpp; sourceTree = "<group>"; };
		997CE612253AE7150060CAED /* CppDraw.cpp */ = {isa = PBXFileReference; lastKnownFileType = sourcecode.cpp.cpp; path = CppDraw.cpp; sourceTree = "<group>"; };
		997CE613253AE7150060CAED /* CppDraw.hpp */ = {isa = PBXFileReference; lastKnownFileType = sourcecode.cpp.h; path = CppDraw.hpp; sourceTree = "<group>"; };
		997CE616253AEA950060CAED /* CppPrimitive.cpp */ = {isa = PBXFileReference; lastKnownFileType = sourcecode.cpp.cpp; path = CppPrimitive.cpp; sourceTree = "<group>"; };
		997CE617253AEA950060CAED /* CppPrimitive.hpp */ = {isa = PBXFileReference; lastKnownFileType = sourcecode.cpp.h; path = CppPrimitive.hpp; sourceTree = "<group>"; };
		997CE61A253AEC400060CAED /* CppLines.cpp */ = {isa = PBXFileReference; lastKnownFileType = sourcecode.cpp.cpp; path = CppLines.cpp; sourceTree = "<group>"; };
		997CE61B253AEC400060CAED /* CppLines.hpp */ = {isa = PBXFileReference; lastKnownFileType = sourcecode.cpp.h; path = CppLines.hpp; sourceTree = "<group>"; };
		997CE620253AF2C00060CAED /* lauxlib.c */ = {isa = PBXFileReference; fileEncoding = 4; lastKnownFileType = sourcecode.c.c; path = lauxlib.c; sourceTree = "<group>"; };
		997CE621253AF2C00060CAED /* lmem.h */ = {isa = PBXFileReference; fileEncoding = 4; lastKnownFileType = sourcecode.c.h; path = lmem.h; sourceTree = "<group>"; };
		997CE622253AF2C00060CAED /* llimits.h */ = {isa = PBXFileReference; fileEncoding = 4; lastKnownFileType = sourcecode.c.h; path = llimits.h; sourceTree = "<group>"; };
		997CE623253AF2C00060CAED /* luaconf.h */ = {isa = PBXFileReference; fileEncoding = 4; lastKnownFileType = sourcecode.c.h; path = luaconf.h; sourceTree = "<group>"; };
		997CE624253AF2C00060CAED /* lzio.h */ = {isa = PBXFileReference; fileEncoding = 4; lastKnownFileType = sourcecode.c.h; path = lzio.h; sourceTree = "<group>"; };
		997CE625253AF2C00060CAED /* lgc.h */ = {isa = PBXFileReference; fileEncoding = 4; lastKnownFileType = sourcecode.c.h; path = lgc.h; sourceTree = "<group>"; };
		997CE626253AF2C00060CAED /* liolib.c */ = {isa = PBXFileReference; fileEncoding = 4; lastKnownFileType = sourcecode.c.c; path = liolib.c; sourceTree = "<group>"; };
		997CE627253AF2C00060CAED /* lopcodes.c */ = {isa = PBXFileReference; fileEncoding = 4; lastKnownFileType = sourcecode.c.c; path = lopcodes.c; sourceTree = "<group>"; };
		997CE628253AF2C00060CAED /* lstate.c */ = {isa = PBXFileReference; fileEncoding = 4; lastKnownFileType = sourcecode.c.c; path = lstate.c; sourceTree = "<group>"; };
		997CE629253AF2C00060CAED /* lua.hpp */ = {isa = PBXFileReference; fileEncoding = 4; lastKnownFileType = sourcecode.cpp.h; path = lua.hpp; sourceTree = "<group>"; };
		997CE62A253AF2C00060CAED /* lobject.c */ = {isa = PBXFileReference; fileEncoding = 4; lastKnownFileType = sourcecode.c.c; path = lobject.c; sourceTree = "<group>"; };
		997CE62B253AF2C00060CAED /* lualib.h */ = {isa = PBXFileReference; fileEncoding = 4; lastKnownFileType = sourcecode.c.h; path = lualib.h; sourceTree = "<group>"; };
		997CE62C253AF2C00060CAED /* lmathlib.c */ = {isa = PBXFileReference; fileEncoding = 4; lastKnownFileType = sourcecode.c.c; path = lmathlib.c; sourceTree = "<group>"; };
		997CE62D253AF2C00060CAED /* lopnames.h */ = {isa = PBXFileReference; fileEncoding = 4; lastKnownFileType = sourcecode.c.h; path = lopnames.h; sourceTree = "<group>"; };
		997CE62E253AF2C00060CAED /* loadlib.c */ = {isa = PBXFileReference; fileEncoding = 4; lastKnownFileType = sourcecode.c.c; path = loadlib.c; sourceTree = "<group>"; };
		997CE62F253AF2C00060CAED /* lvm.c */ = {isa = PBXFileReference; fileEncoding = 4; lastKnownFileType = sourcecode.c.c; path = lvm.c; sourceTree = "<group>"; };
		997CE630253AF2C00060CAED /* lfunc.c */ = {isa = PBXFileReference; fileEncoding = 4; lastKnownFileType = sourcecode.c.c; path = lfunc.c; sourceTree = "<group>"; };
		997CE631253AF2C00060CAED /* lstrlib.c */ = {isa = PBXFileReference; fileEncoding = 4; lastKnownFileType = sourcecode.c.c; path = lstrlib.c; sourceTree = "<group>"; };
		997CE632253AF2C00060CAED /* Makefile */ = {isa = PBXFileReference; fileEncoding = 4; lastKnownFileType = sourcecode.make; path = Makefile; sourceTree = "<group>"; };
		997CE634253AF2C00060CAED /* ldebug.h */ = {isa = PBXFileReference; fileEncoding = 4; lastKnownFileType = sourcecode.c.h; path = ldebug.h; sourceTree = "<group>"; };
		997CE635253AF2C00060CAED /* linit.c */ = {isa = PBXFileReference; fileEncoding = 4; lastKnownFileType = sourcecode.c.c; path = linit.c; sourceTree = "<group>"; };
		997CE636253AF2C00060CAED /* lcode.h */ = {isa = PBXFileReference; fileEncoding = 4; lastKnownFileType = sourcecode.c.h; path = lcode.h; sourceTree = "<group>"; };
		997CE637253AF2C00060CAED /* lapi.h */ = {isa = PBXFileReference; fileEncoding = 4; lastKnownFileType = sourcecode.c.h; path = lapi.h; sourceTree = "<group>"; };
		997CE638253AF2C00060CAED /* lstring.c */ = {isa = PBXFileReference; fileEncoding = 4; lastKnownFileType = sourcecode.c.c; path = lstring.c; sourceTree = "<group>"; };
		997CE639253AF2C00060CAED /* ldo.h */ = {isa = PBXFileReference; fileEncoding = 4; lastKnownFileType = sourcecode.c.h; path = ldo.h; sourceTree = "<group>"; };
		997CE63A253AF2C00060CAED /* lundump.c */ = {isa = PBXFileReference; fileEncoding = 4; lastKnownFileType = sourcecode.c.c; path = lundump.c; sourceTree = "<group>"; };
		997CE63B253AF2C00060CAED /* lctype.c */ = {isa = PBXFileReference; fileEncoding = 4; lastKnownFileType = sourcecode.c.c; path = lctype.c; sourceTree = "<group>"; };
		997CE63C253AF2C00060CAED /* ljumptab.h */ = {isa = PBXFileReference; fileEncoding = 4; lastKnownFileType = sourcecode.c.h; path = ljumptab.h; sourceTree = "<group>"; };
		997CE63D253AF2C00060CAED /* llex.h */ = {isa = PBXFileReference; fileEncoding = 4; lastKnownFileType = sourcecode.c.h; path = llex.h; sourceTree = "<group>"; };
		997CE63F253AF2C00060CAED /* ltm.h */ = {isa = PBXFileReference; fileEncoding = 4; lastKnownFileType = sourcecode.c.h; path = ltm.h; sourceTree = "<group>"; };
		997CE640253AF2C00060CAED /* ltable.c */ = {isa = PBXFileReference; fileEncoding = 4; lastKnownFileType = sourcecode.c.c; path = ltable.c; sourceTree = "<group>"; };
		997CE641253AF2C00060CAED /* lparser.h */ = {isa = PBXFileReference; fileEncoding = 4; lastKnownFileType = sourcecode.c.h; path = lparser.h; sourceTree = "<group>"; };
		997CE642253AF2C00060CAED /* ldump.c */ = {isa = PBXFileReference; fileEncoding = 4; lastKnownFileType = sourcecode.c.c; path = ldump.c; sourceTree = "<group>"; };
		997CE643253AF2C00060CAED /* lobject.h */ = {isa = PBXFileReference; fileEncoding = 4; lastKnownFileType = sourcecode.c.h; path = lobject.h; sourceTree = "<group>"; };
		997CE644253AF2C00060CAED /* lstate.h */ = {isa = PBXFileReference; fileEncoding = 4; lastKnownFileType = sourcecode.c.h; path = lstate.h; sourceTree = "<group>"; };
		997CE645253AF2C00060CAED /* lopcodes.h */ = {isa = PBXFileReference; fileEncoding = 4; lastKnownFileType = sourcecode.c.h; path = lopcodes.h; sourceTree = "<group>"; };
		997CE646253AF2C00060CAED /* loslib.c */ = {isa = PBXFileReference; fileEncoding = 4; lastKnownFileType = sourcecode.c.c; path = loslib.c; sourceTree = "<group>"; };
		997CE647253AF2C00060CAED /* lgc.c */ = {isa = PBXFileReference; fileEncoding = 4; lastKnownFileType = sourcecode.c.c; path = lgc.c; sourceTree = "<group>"; };
		997CE648253AF2C00060CAED /* lzio.c */ = {isa = PBXFileReference; fileEncoding = 4; lastKnownFileType = sourcecode.c.c; path = lzio.c; sourceTree = "<group>"; };
		997CE649253AF2C00060CAED /* ldblib.c */ = {isa = PBXFileReference; fileEncoding = 4; lastKnownFileType = sourcecode.c.c; path = ldblib.c; sourceTree = "<group>"; };
		997CE64A253AF2C00060CAED /* lutf8lib.c */ = {isa = PBXFileReference; fileEncoding = 4; lastKnownFileType = sourcecode.c.c; path = lutf8lib.c; sourceTree = "<group>"; };
		997CE64B253AF2C00060CAED /* lmem.c */ = {isa = PBXFileReference; fileEncoding = 4; lastKnownFileType = sourcecode.c.c; path = lmem.c; sourceTree = "<group>"; };
		997CE64C253AF2C00060CAED /* lauxlib.h */ = {isa = PBXFileReference; fileEncoding = 4; lastKnownFileType = sourcecode.c.h; path = lauxlib.h; sourceTree = "<group>"; };
		997CE64D253AF2C00060CAED /* lvm.h */ = {isa = PBXFileReference; fileEncoding = 4; lastKnownFileType = sourcecode.c.h; path = lvm.h; sourceTree = "<group>"; };
		997CE64E253AF2C00060CAED /* lcorolib.c */ = {isa = PBXFileReference; fileEncoding = 4; lastKnownFileType = sourcecode.c.c; path = lcorolib.c; sourceTree = "<group>"; };
		997CE64F253AF2C00060CAED /* lstring.h */ = {isa = PBXFileReference; fileEncoding = 4; lastKnownFileType = sourcecode.c.h; path = lstring.h; sourceTree = "<group>"; };
		997CE650253AF2C00060CAED /* lcode.c */ = {isa = PBXFileReference; fileEncoding = 4; lastKnownFileType = sourcecode.c.c; path = lcode.c; sourceTree = "<group>"; };
		997CE651253AF2C00060CAED /* ltablib.c */ = {isa = PBXFileReference; fileEncoding = 4; lastKnownFileType = sourcecode.c.c; path = ltablib.c; sourceTree = "<group>"; };
		997CE652253AF2C00060CAED /* lapi.c */ = {isa = PBXFileReference; fileEncoding = 4; lastKnownFileType = sourcecode.c.c; path = lapi.c; sourceTree = "<group>"; };
		997CE653253AF2C00060CAED /* lbaselib.c */ = {isa = PBXFileReference; fileEncoding = 4; lastKnownFileType = sourcecode.c.c; path = lbaselib.c; sourceTree = "<group>"; };
		997CE654253AF2C00060CAED /* lua.h */ = {isa = PBXFileReference; fileEncoding = 4; lastKnownFileType = sourcecode.c.h; path = lua.h; sourceTree = "<group>"; };
		997CE655253AF2C00060CAED /* ldebug.c */ = {isa = PBXFileReference; fileEncoding = 4; lastKnownFileType = sourcecode.c.c; path = ldebug.c; sourceTree = "<group>"; };
		997CE656253AF2C00060CAED /* lfunc.h */ = {isa = PBXFileReference; fileEncoding = 4; lastKnownFileType = sourcecode.c.h; path = lfunc.h; sourceTree = "<group>"; };
		997CE657253AF2C00060CAED /* lprefix.h */ = {isa = PBXFileReference; fileEncoding = 4; lastKnownFileType = sourcecode.c.h; path = lprefix.h; sourceTree = "<group>"; };
		997CE658253AF2C00060CAED /* lparser.c */ = {isa = PBXFileReference; fileEncoding = 4; lastKnownFileType = sourcecode.c.c; path = lparser.c; sourceTree = "<group>"; };
		997CE659253AF2C00060CAED /* llex.c */ = {isa = PBXFileReference; fileEncoding = 4; lastKnownFileType = sourcecode.c.c; path = llex.c; sourceTree = "<group>"; };
		997CE65A253AF2C00060CAED /* ltable.h */ = {isa = PBXFileReference; fileEncoding = 4; lastKnownFileType = sourcecode.c.h; path = ltable.h; sourceTree = "<group>"; };
		997CE65B253AF2C00060CAED /* ltm.c */ = {isa = PBXFileReference; fileEncoding = 4; lastKnownFileType = sourcecode.c.c; path = ltm.c; sourceTree = "<group>"; };
		997CE65C253AF2C00060CAED /* lctype.h */ = {isa = PBXFileReference; fileEncoding = 4; lastKnownFileType = sourcecode.c.h; path = lctype.h; sourceTree = "<group>"; };
		997CE65D253AF2C00060CAED /* ldo.c */ = {isa = PBXFileReference; fileEncoding = 4; lastKnownFileType = sourcecode.c.c; path = ldo.c; sourceTree = "<group>"; };
		997CE65E253AF2C00060CAED /* lundump.h */ = {isa = PBXFileReference; fileEncoding = 4; lastKnownFileType = sourcecode.c.h; path = lundump.h; sourceTree = "<group>"; };
		997CE69E253AF4480060CAED /* CppProgram.cpp */ = {isa = PBXFileReference; lastKnownFileType = sourcecode.cpp.cpp; path = CppProgram.cpp; sourceTree = "<group>"; };
		997CE69F253AF4480060CAED /* CppProgram.hpp */ = {isa = PBXFileReference; lastKnownFileType = sourcecode.cpp.h; path = CppProgram.hpp; sourceTree = "<group>"; };
		997CE6A2253AF4F20060CAED /* CppShader.cpp */ = {isa = PBXFileReference; lastKnownFileType = sourcecode.cpp.cpp; path = CppShader.cpp; sourceTree = "<group>"; };
		997CE6A3253AF4F20060CAED /* CppShader.hpp */ = {isa = PBXFileReference; lastKnownFileType = sourcecode.cpp.h; path = CppShader.hpp; sourceTree = "<group>"; };
		997CE6B2253D3FC10060CAED /* CppLuaShaderLib.cpp */ = {isa = PBXFileReference; lastKnownFileType = sourcecode.cpp.cpp; path = CppLuaShaderLib.cpp; sourceTree = "<group>"; };
		997CE6B3253D3FC10060CAED /* CppLuaShaderLib.hpp */ = {isa = PBXFileReference; lastKnownFileType = sourcecode.cpp.h; path = CppLuaShaderLib.hpp; sourceTree = "<group>"; };
		997CE6B6253D8BFE0060CAED /* CppTriangles.cpp */ = {isa = PBXFileReference; lastKnownFileType = sourcecode.cpp.cpp; path = CppTriangles.cpp; sourceTree = "<group>"; };
		997CE6B7253D8BFE0060CAED /* CppTriangles.hpp */ = {isa = PBXFileReference; lastKnownFileType = sourcecode.cpp.h; path = CppTriangles.hpp; sourceTree = "<group>"; };
		998B0D7E2541A93F002472E0 /* CppWindow.cpp */ = {isa = PBXFileReference; lastKnownFileType = sourcecode.cpp.cpp; path = CppWindow.cpp; sourceTree = "<group>"; };
		998B0D7F2541A93F002472E0 /* CppWindow.hpp */ = {isa = PBXFileReference; lastKnownFileType = sourcecode.cpp.h; path = CppWindow.hpp; sourceTree = "<group>"; };
		99F6AEBE2539EAC70056EB4F /* CppTexture.cpp */ = {isa = PBXFileReference; lastKnownFileType = sourcecode.cpp.cpp; path = CppTexture.cpp; sourceTree = "<group>"; };
		99F6AEBF2539EAC70056EB4F /* CppTexture.hpp */ = {isa = PBXFileReference; lastKnownFileType = sourcecode.cpp.h; path = CppTexture.hpp; sourceTree = "<group>"; };
		99F6AEC7253BC4D00056EB4F /* CppLuaEngine.cpp */ = {isa = PBXFileReference; lastKnownFileType = sourcecode.cpp.cpp; path = CppLuaEngine.cpp; sourceTree = "<group>"; };
		99F6AEC8253BC4D00056EB4F /* CppLuaEngine.hpp */ = {isa = PBXFileReference; lastKnownFileType = sourcecode.cpp.h; path = CppLuaEngine.hpp; sourceTree = "<group>"; };
/* End PBXFileReference section */

/* Begin PBXFrameworksBuildPhase section */
		997CE5BC253716DE0060CAED /* Frameworks */ = {
			isa = PBXFrameworksBuildPhase;
			buildActionMask = 2147483647;
			files = (
			);
			runOnlyForDeploymentPostprocessing = 0;
		};
/* End PBXFrameworksBuildPhase section */

/* Begin PBXGroup section */
		997CE5B5253716DE0060CAED = {
			isa = PBXGroup;
			children = (
				997CE61F253AF2C00060CAED /* lua */,
				997CE5C0253716DE0060CAED /* CppRender */,
				997CE5BF253716DE0060CAED /* Products */,
			);
			sourceTree = "<group>";
		};
		997CE5BF253716DE0060CAED /* Products */ = {
			isa = PBXGroup;
			children = (
				997CE5BE253716DE0060CAED /* libCppRender.a */,
			);
			name = Products;
			sourceTree = "<group>";
		};
		997CE5C0253716DE0060CAED /* CppRender */ = {
			isa = PBXGroup;
			children = (
				997CE5C1253716DE0060CAED /* CppRender.hpp */,
				997CE5C5253716DE0060CAED /* CppRender.cpp */,
				997CE5F9253726E40060CAED /* CppFrameBuffer.cpp */,
				997CE5FA253726E40060CAED /* CppFrameBuffer.hpp */,
				997CE5FD253727E30060CAED /* CppContext.cpp */,
				997CE5FE253727E30060CAED /* CppContext.hpp */,
				997CE60125387C610060CAED /* CppRenderBuffer.cpp */,
				997CE60225387C610060CAED /* CppRenderBuffer.hpp */,
				997CE60525387D5E0060CAED /* CppBuffer.cpp */,
				997CE60625387D5E0060CAED /* CppBuffer.hpp */,
				997CE60925392AB00060CAED /* CppDefine.h */,
				997CE60A253932250060CAED /* CppVertexArray.cpp */,
				997CE60B253932250060CAED /* CppVertexArray.hpp */,
				997CE60E2539A3850060CAED /* CppUtils.cpp */,
				997CE60F2539A3850060CAED /* CppUtils.hpp */,
				99F6AEBE2539EAC70056EB4F /* CppTexture.cpp */,
				99F6AEBF2539EAC70056EB4F /* CppTexture.hpp */,
				997CE612253AE7150060CAED /* CppDraw.cpp */,
				997CE613253AE7150060CAED /* CppDraw.hpp */,
				997CE616253AEA950060CAED /* CppPrimitive.cpp */,
				997CE617253AEA950060CAED /* CppPrimitive.hpp */,
				997CE61A253AEC400060CAED /* CppLines.cpp */,
				997CE61B253AEC400060CAED /* CppLines.hpp */,
				997CE69E253AF4480060CAED /* CppProgram.cpp */,
				997CE69F253AF4480060CAED /* CppProgram.hpp */,
				997CE6A2253AF4F20060CAED /* CppShader.cpp */,
				997CE6A3253AF4F20060CAED /* CppShader.hpp */,
				99F6AEC7253BC4D00056EB4F /* CppLuaEngine.cpp */,
				99F6AEC8253BC4D00056EB4F /* CppLuaEngine.hpp */,
				997CE6B2253D3FC10060CAED /* CppLuaShaderLib.cpp */,
				997CE6B3253D3FC10060CAED /* CppLuaShaderLib.hpp */,
				997CE6B6253D8BFE0060CAED /* CppTriangles.cpp */,
				997CE6B7253D8BFE0060CAED /* CppTriangles.hpp */,
				998B0D7E2541A93F002472E0 /* CppWindow.cpp */,
				998B0D7F2541A93F002472E0 /* CppWindow.hpp */,
			);
			path = CppRender;
			sourceTree = "<group>";
		};
		997CE61F253AF2C00060CAED /* lua */ = {
			isa = PBXGroup;
			children = (
				997CE620253AF2C00060CAED /* lauxlib.c */,
				997CE621253AF2C00060CAED /* lmem.h */,
				997CE622253AF2C00060CAED /* llimits.h */,
				997CE623253AF2C00060CAED /* luaconf.h */,
				997CE624253AF2C00060CAED /* lzio.h */,
				997CE625253AF2C00060CAED /* lgc.h */,
				997CE630253AF2C00060CAED /* lfunc.c */,
				997CE626253AF2C00060CAED /* liolib.c */,
				997CE627253AF2C00060CAED /* lopcodes.c */,
				997CE628253AF2C00060CAED /* lstate.c */,
				997CE629253AF2C00060CAED /* lua.hpp */,
				997CE62A253AF2C00060CAED /* lobject.c */,
				997CE62B253AF2C00060CAED /* lualib.h */,
				997CE62C253AF2C00060CAED /* lmathlib.c */,
				997CE62D253AF2C00060CAED /* lopnames.h */,
				997CE62E253AF2C00060CAED /* loadlib.c */,
				997CE62F253AF2C00060CAED /* lvm.c */,
				997CE631253AF2C00060CAED /* lstrlib.c */,
				997CE632253AF2C00060CAED /* Makefile */,
				997CE634253AF2C00060CAED /* ldebug.h */,
				997CE635253AF2C00060CAED /* linit.c */,
				997CE636253AF2C00060CAED /* lcode.h */,
				997CE637253AF2C00060CAED /* lapi.h */,
				997CE638253AF2C00060CAED /* lstring.c */,
				997CE639253AF2C00060CAED /* ldo.h */,
				997CE63A253AF2C00060CAED /* lundump.c */,
				997CE63B253AF2C00060CAED /* lctype.c */,
				997CE63C253AF2C00060CAED /* ljumptab.h */,
				997CE63D253AF2C00060CAED /* llex.h */,
				997CE63F253AF2C00060CAED /* ltm.h */,
				997CE640253AF2C00060CAED /* ltable.c */,
				997CE641253AF2C00060CAED /* lparser.h */,
				997CE642253AF2C00060CAED /* ldump.c */,
				997CE643253AF2C00060CAED /* lobject.h */,
				997CE644253AF2C00060CAED /* lstate.h */,
				997CE645253AF2C00060CAED /* lopcodes.h */,
				997CE646253AF2C00060CAED /* loslib.c */,
				997CE647253AF2C00060CAED /* lgc.c */,
				997CE648253AF2C00060CAED /* lzio.c */,
				997CE649253AF2C00060CAED /* ldblib.c */,
				997CE64A253AF2C00060CAED /* lutf8lib.c */,
				997CE64B253AF2C00060CAED /* lmem.c */,
				997CE64C253AF2C00060CAED /* lauxlib.h */,
				997CE64D253AF2C00060CAED /* lvm.h */,
				997CE64E253AF2C00060CAED /* lcorolib.c */,
				997CE64F253AF2C00060CAED /* lstring.h */,
				997CE650253AF2C00060CAED /* lcode.c */,
				997CE651253AF2C00060CAED /* ltablib.c */,
				997CE652253AF2C00060CAED /* lapi.c */,
				997CE653253AF2C00060CAED /* lbaselib.c */,
				997CE654253AF2C00060CAED /* lua.h */,
				997CE655253AF2C00060CAED /* ldebug.c */,
				997CE656253AF2C00060CAED /* lfunc.h */,
				997CE657253AF2C00060CAED /* lprefix.h */,
				997CE658253AF2C00060CAED /* lparser.c */,
				997CE659253AF2C00060CAED /* llex.c */,
				997CE65A253AF2C00060CAED /* ltable.h */,
				997CE65B253AF2C00060CAED /* ltm.c */,
				997CE65C253AF2C00060CAED /* lctype.h */,
				997CE65D253AF2C00060CAED /* ldo.c */,
				997CE65E253AF2C00060CAED /* lundump.h */,
			);
			path = lua;
			sourceTree = "<group>";
		};
/* End PBXGroup section */

/* Begin PBXHeadersBuildPhase section */
		997CE5BA253716DE0060CAED /* Headers */ = {
			isa = PBXHeadersBuildPhase;
			buildActionMask = 2147483647;
			files = (
				997CE663253AF2C00060CAED /* lzio.h in Headers */,
				997CE69D253AF2C00060CAED /* lundump.h in Headers */,
				997CE673253AF2C00060CAED /* ldebug.h in Headers */,
				997CE664253AF2C00060CAED /* lgc.h in Headers */,
				997CE668253AF2C00060CAED /* lua.hpp in Headers */,
				997CE619253AEA950060CAED /* CppPrimitive.hpp in Headers */,
				997CE615253AE7160060CAED /* CppDraw.hpp in Headers */,
				997CE661253AF2C00060CAED /* llimits.h in Headers */,
				99F6AEC12539EAC70056EB4F /* CppTexture.hpp in Headers */,
				997CE68B253AF2C00060CAED /* lauxlib.h in Headers */,
				997CE66A253AF2C00060CAED /* lualib.h in Headers */,
				997CE695253AF2C00060CAED /* lfunc.h in Headers */,
				997CE68C253AF2C00060CAED /* lvm.h in Headers */,
				997CE60825387D5E0060CAED /* CppBuffer.hpp in Headers */,
				997CE6B9253D8BFE0060CAED /* CppTriangles.hpp in Headers */,
				997CE696253AF2C00060CAED /* lprefix.h in Headers */,
				997CE676253AF2C00060CAED /* lapi.h in Headers */,
				997CE600253727E30060CAED /* CppContext.hpp in Headers */,
				997CE60D253932250060CAED /* CppVertexArray.hpp in Headers */,
				997CE680253AF2C00060CAED /* lparser.h in Headers */,
				997CE68E253AF2C00060CAED /* lstring.h in Headers */,
				997CE5C2253716DE0060CAED /* CppRender.hpp in Headers */,
				997CE683253AF2C00060CAED /* lstate.h in Headers */,
				997CE693253AF2C00060CAED /* lua.h in Headers */,
				998B0D812541A93F002472E0 /* CppWindow.hpp in Headers */,
				997CE678253AF2C00060CAED /* ldo.h in Headers */,
				997CE69B253AF2C00060CAED /* lctype.h in Headers */,
				997CE684253AF2C00060CAED /* lopcodes.h in Headers */,
				997CE67B253AF2C00060CAED /* ljumptab.h in Headers */,
				997CE6112539A3850060CAED /* CppUtils.hpp in Headers */,
				997CE682253AF2C00060CAED /* lobject.h in Headers */,
				997CE60425387C610060CAED /* CppRenderBuffer.hpp in Headers */,
				997CE67E253AF2C00060CAED /* ltm.h in Headers */,
				997CE6A5253AF4F20060CAED /* CppShader.hpp in Headers */,
				997CE675253AF2C00060CAED /* lcode.h in Headers */,
				997CE61D253AEC400060CAED /* CppLines.hpp in Headers */,
				997CE699253AF2C00060CAED /* ltable.h in Headers */,
				997CE6B5253D3FC10060CAED /* CppLuaShaderLib.hpp in Headers */,
				99F6AECA253BC4D00056EB4F /* CppLuaEngine.hpp in Headers */,
				997CE67C253AF2C00060CAED /* llex.h in Headers */,
				997CE5FC253726E40060CAED /* CppFrameBuffer.hpp in Headers */,
				997CE660253AF2C00060CAED /* lmem.h in Headers */,
				997CE662253AF2C00060CAED /* luaconf.h in Headers */,
				997CE66C253AF2C00060CAED /* lopnames.h in Headers */,
				997CE6A1253AF4480060CAED /* CppProgram.hpp in Headers */,
			);
			runOnlyForDeploymentPostprocessing = 0;
		};
/* End PBXHeadersBuildPhase section */

/* Begin PBXNativeTarget section */
		997CE5BD253716DE0060CAED /* CppRender */ = {
			isa = PBXNativeTarget;
			buildConfigurationList = 997CE5C9253716DE0060CAED /* Build configuration list for PBXNativeTarget "CppRender" */;
			buildPhases = (
				997CE5BA253716DE0060CAED /* Headers */,
				997CE5BB253716DE0060CAED /* Sources */,
				997CE5BC253716DE0060CAED /* Frameworks */,
			);
			buildRules = (
			);
			dependencies = (
			);
			name = CppRender;
			productName = CppRender;
			productReference = 997CE5BE253716DE0060CAED /* libCppRender.a */;
			productType = "com.apple.product-type.library.static";
		};
/* End PBXNativeTarget section */

/* Begin PBXProject section */
		997CE5B6253716DE0060CAED /* Project object */ = {
			isa = PBXProject;
			attributes = {
				LastUpgradeCheck = 1110;
				ORGANIZATIONNAME = test;
				TargetAttributes = {
					997CE5BD253716DE0060CAED = {
						CreatedOnToolsVersion = 11.1;
					};
				};
			};
			buildConfigurationList = 997CE5B9253716DE0060CAED /* Build configuration list for PBXProject "CppRender" */;
			compatibilityVersion = "Xcode 9.3";
			developmentRegion = en;
			hasScannedForEncodings = 0;
			knownRegions = (
				en,
				Base,
			);
			mainGroup = 997CE5B5253716DE0060CAED;
			productRefGroup = 997CE5BF253716DE0060CAED /* Products */;
			projectDirPath = "";
			projectRoot = "";
			targets = (
				997CE5BD253716DE0060CAED /* CppRender */,
			);
		};
/* End PBXProject section */

/* Begin PBXSourcesBuildPhase section */
		997CE5BB253716DE0060CAED /* Sources */ = {
			isa = PBXSourcesBuildPhase;
			buildActionMask = 2147483647;
			files = (
				997CE681253AF2C00060CAED /* ldump.c in Sources */,
				997CE674253AF2C00060CAED /* linit.c in Sources */,
				997CE688253AF2C00060CAED /* ldblib.c in Sources */,
				997CE68D253AF2C00060CAED /* lcorolib.c in Sources */,
				997CE66F253AF2C00060CAED /* lfunc.c in Sources */,
				997CE691253AF2C00060CAED /* lapi.c in Sources */,
				997CE670253AF2C00060CAED /* lstrlib.c in Sources */,
				997CE6B4253D3FC10060CAED /* CppLuaShaderLib.cpp in Sources */,
				997CE60725387D5E0060CAED /* CppBuffer.cpp in Sources */,
				997CE60C253932250060CAED /* CppVertexArray.cpp in Sources */,
				997CE694253AF2C00060CAED /* ldebug.c in Sources */,
				997CE665253AF2C00060CAED /* liolib.c in Sources */,
				997CE67A253AF2C00060CAED /* lctype.c in Sources */,
				997CE68A253AF2C00060CAED /* lmem.c in Sources */,
				997CE5FF253727E30060CAED /* CppContext.cpp in Sources */,
				997CE66B253AF2C00060CAED /* lmathlib.c in Sources */,
				997CE686253AF2C00060CAED /* lgc.c in Sources */,
				99F6AEC02539EAC70056EB4F /* CppTexture.cpp in Sources */,
				997CE66E253AF2C00060CAED /* lvm.c in Sources */,
				997CE60325387C610060CAED /* CppRenderBuffer.cpp in Sources */,
				997CE61C253AEC400060CAED /* CppLines.cpp in Sources */,
				997CE689253AF2C00060CAED /* lutf8lib.c in Sources */,
				997CE692253AF2C00060CAED /* lbaselib.c in Sources */,
				997CE69A253AF2C00060CAED /* ltm.c in Sources */,
				997CE687253AF2C00060CAED /* lzio.c in Sources */,
				998B0D802541A93F002472E0 /* CppWindow.cpp in Sources */,
				997CE618253AEA950060CAED /* CppPrimitive.cpp in Sources */,
				997CE697253AF2C00060CAED /* lparser.c in Sources */,
				997CE6B8253D8BFE0060CAED /* CppTriangles.cpp in Sources */,
				997CE5C6253716DE0060CAED /* CppRender.cpp in Sources */,
				997CE698253AF2C00060CAED /* llex.c in Sources */,
				997CE614253AE7160060CAED /* CppDraw.cpp in Sources */,
				997CE671253AF2C00060CAED /* Makefile in Sources */,
				997CE5FB253726E40060CAED /* CppFrameBuffer.cpp in Sources */,
				997CE6A0253AF4480060CAED /* CppProgram.cpp in Sources */,
				997CE69C253AF2C00060CAED /* ldo.c in Sources */,
				997CE677253AF2C00060CAED /* lstring.c in Sources */,
				997CE685253AF2C00060CAED /* loslib.c in Sources */,
				997CE68F253AF2C00060CAED /* lcode.c in Sources */,
				997CE6102539A3850060CAED /* CppUtils.cpp in Sources */,
				997CE66D253AF2C00060CAED /* loadlib.c in Sources */,
				997CE6A4253AF4F20060CAED /* CppShader.cpp in Sources */,
				997CE666253AF2C00060CAED /* lopcodes.c in Sources */,
				99F6AEC9253BC4D00056EB4F /* CppLuaEngine.cpp in Sources */,
				997CE669253AF2C00060CAED /* lobject.c in Sources */,
				997CE690253AF2C00060CAED /* ltablib.c in Sources */,
				997CE679253AF2C00060CAED /* lundump.c in Sources */,
				997CE65F253AF2C00060CAED /* lauxlib.c in Sources */,
				997CE667253AF2C00060CAED /* lstate.c in Sources */,
				997CE67F253AF2C00060CAED /* ltable.c in Sources */,
			);
			runOnlyForDeploymentPostprocessing = 0;
		};
/* End PBXSourcesBuildPhase section */

/* Begin XCBuildConfiguration section */
		997CE5C7253716DE0060CAED /* Debug */ = {
			isa = XCBuildConfiguration;
			buildSettings = {
				ALWAYS_SEARCH_USER_PATHS = NO;
				CLANG_ANALYZER_NONNULL = YES;
				CLANG_ANALYZER_NUMBER_OBJECT_CONVERSION = YES_AGGRESSIVE;
				CLANG_CXX_LANGUAGE_STANDARD = "gnu++14";
				CLANG_CXX_LIBRARY = "libc++";
				CLANG_ENABLE_MODULES = YES;
				CLANG_ENABLE_OBJC_ARC = YES;
				CLANG_ENABLE_OBJC_WEAK = YES;
				CLANG_WARN_BLOCK_CAPTURE_AUTORELEASING = YES;
				CLANG_WARN_BOOL_CONVERSION = YES;
				CLANG_WARN_COMMA = YES;
				CLANG_WARN_CONSTANT_CONVERSION = YES;
				CLANG_WARN_DEPRECATED_OBJC_IMPLEMENTATIONS = YES;
				CLANG_WARN_DIRECT_OBJC_ISA_USAGE = YES_ERROR;
				CLANG_WARN_DOCUMENTATION_COMMENTS = YES;
				CLANG_WARN_EMPTY_BODY = YES;
				CLANG_WARN_ENUM_CONVERSION = YES;
				CLANG_WARN_INFINITE_RECURSION = YES;
				CLANG_WARN_INT_CONVERSION = YES;
				CLANG_WARN_NON_LITERAL_NULL_CONVERSION = YES;
				CLANG_WARN_OBJC_IMPLICIT_RETAIN_SELF = YES;
				CLANG_WARN_OBJC_LITERAL_CONVERSION = YES;
				CLANG_WARN_OBJC_ROOT_CLASS = YES_ERROR;
				CLANG_WARN_RANGE_LOOP_ANALYSIS = YES;
				CLANG_WARN_STRICT_PROTOTYPES = YES;
				CLANG_WARN_SUSPICIOUS_MOVE = YES;
				CLANG_WARN_UNGUARDED_AVAILABILITY = YES_AGGRESSIVE;
				CLANG_WARN_UNREACHABLE_CODE = YES;
				CLANG_WARN__DUPLICATE_METHOD_MATCH = YES;
				COPY_PHASE_STRIP = NO;
				DEBUG_INFORMATION_FORMAT = dwarf;
				ENABLE_STRICT_OBJC_MSGSEND = YES;
				ENABLE_TESTABILITY = YES;
				GCC_C_LANGUAGE_STANDARD = gnu11;
				GCC_DYNAMIC_NO_PIC = NO;
				GCC_NO_COMMON_BLOCKS = YES;
				GCC_OPTIMIZATION_LEVEL = 0;
				GCC_PREPROCESSOR_DEFINITIONS = (
					"DEBUG=1",
					"$(inherited)",
				);
				GCC_WARN_64_TO_32_BIT_CONVERSION = YES;
				GCC_WARN_ABOUT_RETURN_TYPE = YES_ERROR;
				GCC_WARN_UNDECLARED_SELECTOR = YES;
				GCC_WARN_UNINITIALIZED_AUTOS = YES_AGGRESSIVE;
				GCC_WARN_UNUSED_FUNCTION = YES;
				GCC_WARN_UNUSED_VARIABLE = YES;
				MACOSX_DEPLOYMENT_TARGET = 10.14;
				MTL_ENABLE_DEBUG_INFO = INCLUDE_SOURCE;
				MTL_FAST_MATH = YES;
				ONLY_ACTIVE_ARCH = YES;
				SDKROOT = macosx;
			};
			name = Debug;
		};
		997CE5C8253716DE0060CAED /* Release */ = {
			isa = XCBuildConfiguration;
			buildSettings = {
				ALWAYS_SEARCH_USER_PATHS = NO;
				CLANG_ANALYZER_NONNULL = YES;
				CLANG_ANALYZER_NUMBER_OBJECT_CONVERSION = YES_AGGRESSIVE;
				CLANG_CXX_LANGUAGE_STANDARD = "gnu++14";
				CLANG_CXX_LIBRARY = "libc++";
				CLANG_ENABLE_MODULES = YES;
				CLANG_ENABLE_OBJC_ARC = YES;
				CLANG_ENABLE_OBJC_WEAK = YES;
				CLANG_WARN_BLOCK_CAPTURE_AUTORELEASING = YES;
				CLANG_WARN_BOOL_CONVERSION = YES;
				CLANG_WARN_COMMA = YES;
				CLANG_WARN_CONSTANT_CONVERSION = YES;
				CLANG_WARN_DEPRECATED_OBJC_IMPLEMENTATIONS = YES;
				CLANG_WARN_DIRECT_OBJC_ISA_USAGE = YES_ERROR;
				CLANG_WARN_DOCUMENTATION_COMMENTS = YES;
				CLANG_WARN_EMPTY_BODY = YES;
				CLANG_WARN_ENUM_CONVERSION = YES;
				CLANG_WARN_INFINITE_RECURSION = YES;
				CLANG_WARN_INT_CONVERSION = YES;
				CLANG_WARN_NON_LITERAL_NULL_CONVERSION = YES;
				CLANG_WARN_OBJC_IMPLICIT_RETAIN_SELF = YES;
				CLANG_WARN_OBJC_LITERAL_CONVERSION = YES;
				CLANG_WARN_OBJC_ROOT_CLASS = YES_ERROR;
				CLANG_WARN_RANGE_LOOP_ANALYSIS = YES;
				CLANG_WARN_STRICT_PROTOTYPES = YES;
				CLANG_WARN_SUSPICIOUS_MOVE = YES;
				CLANG_WARN_UNGUARDED_AVAILABILITY = YES_AGGRESSIVE;
				CLANG_WARN_UNREACHABLE_CODE = YES;
				CLANG_WARN__DUPLICATE_METHOD_MATCH = YES;
				COPY_PHASE_STRIP = NO;
				DEBUG_INFORMATION_FORMAT = "dwarf-with-dsym";
				ENABLE_NS_ASSERTIONS = NO;
				ENABLE_STRICT_OBJC_MSGSEND = YES;
				GCC_C_LANGUAGE_STANDARD = gnu11;
				GCC_NO_COMMON_BLOCKS = YES;
				GCC_WARN_64_TO_32_BIT_CONVERSION = YES;
				GCC_WARN_ABOUT_RETURN_TYPE = YES_ERROR;
				GCC_WARN_UNDECLARED_SELECTOR = YES;
				GCC_WARN_UNINITIALIZED_AUTOS = YES_AGGRESSIVE;
				GCC_WARN_UNUSED_FUNCTION = YES;
				GCC_WARN_UNUSED_VARIABLE = YES;
				MACOSX_DEPLOYMENT_TARGET = 10.14;
				MTL_ENABLE_DEBUG_INFO = NO;
				MTL_FAST_MATH = YES;
				SDKROOT = macosx;
			};
			name = Release;
		};
		997CE5CA253716DE0060CAED /* Debug */ = {
			isa = XCBuildConfiguration;
			buildSettings = {
				CODE_SIGN_STYLE = Automatic;
				DEVELOPMENT_TEAM = 6P6958SGZ2;
				EXECUTABLE_PREFIX = lib;
				GCC_ENABLE_CPP_EXCEPTIONS = YES;
				GCC_ENABLE_CPP_RTTI = YES;
				PRODUCT_NAME = "$(TARGET_NAME)";
				SKIP_INSTALL = YES;
				USER_HEADER_SEARCH_PATHS = (
					"${PROJECT_DIR}/include",
					"${PROJECT_DIR}/lua",
				);
			};
			name = Debug;
		};
		997CE5CB253716DE0060CAED /* Release */ = {
			isa = XCBuildConfiguration;
			buildSettings = {
				CODE_SIGN_STYLE = Automatic;
				DEVELOPMENT_TEAM = 6P6958SGZ2;
				EXECUTABLE_PREFIX = lib;
				GCC_ENABLE_CPP_EXCEPTIONS = YES;
				GCC_ENABLE_CPP_RTTI = YES;
				PRODUCT_NAME = "$(TARGET_NAME)";
				SKIP_INSTALL = YES;
				USER_HEADER_SEARCH_PATHS = (
					"${PROJECT_DIR}/include",
					"${PROJECT_DIR}/lua",
				);
			};
			name = Release;
		};
/* End XCBuildConfiguration section */

/* Begin XCConfigurationList section */
		997CE5B9253716DE0060CAED /* Build configuration list for PBXProject "CppRender" */ = {
			isa = XCConfigurationList;
			buildConfigurations = (
				997CE5C7253716DE0060CAED /* Debug */,
				997CE5C8253716DE0060CAED /* Release */,
			);
			defaultConfigurationIsVisible = 0;
			defaultConfigurationName = Release;
		};
		997CE5C9253716DE0060CAED /* Build configuration list for PBXNativeTarget "CppRender" */ = {
			isa = XCConfigurationList;
			buildConfigurations = (
				997CE5CA253716DE0060CAED /* Debug */,
				997CE5CB253716DE0060CAED /* Release */,
			);
			defaultConfigurationIsVisible = 0;
			defaultConfigurationName = Release;
		};
/* End XCConfigurationList section */
	};
	rootObject = 997CE5B6253716DE0060CAED /* Project object */;
}
