// !$*UTF8*$!
{
	archiveVersion = 1;
	classes = {
	};
	objectVersion = 50;
	objects = {

/* Begin PBXBuildFile section */
		997CE5C2253716DE0060CAED /* CppRender.hpp in Headers */ = {isa = PBXBuildFile; fileRef = 997CE5C1253716DE0060CAED /* CppRender.hpp */; };
		997CE5C6253716DE0060CAED /* CppRender.cpp in Sources */ = {isa = PBXBuildFile; fileRef = 997CE5C5253716DE0060CAED /* CppRender.cpp */; };
		997CE5FB253726E40060CAED /* CppFrameBuffer.cpp in Sources */ = {isa = PBXBuildFile; fileRef = 997CE5F9253726E40060CAED /* CppFrameBuffer.cpp */; };
		997CE5FC253726E40060CAED /* CppFrameBuffer.hpp in Headers */ = {isa = PBXBuildFile; fileRef = 997CE5FA253726E40060CAED /* CppFrameBuffer.hpp */; };
		997CE5FF253727E30060CAED /* CppContext.cpp in Sources */ = {isa = PBXBuildFile; fileRef = 997CE5FD253727E30060CAED /* CppContext.cpp */; };
		997CE600253727E30060CAED /* CppContext.hpp in Headers */ = {isa = PBXBuildFile; fileRef = 997CE5FE253727E30060CAED /* CppContext.hpp */; };
		997CE60325387C610060CAED /* CppRenderBuffer.cpp in Sources */ = {isa = PBXBuildFile; fileRef = 997CE60125387C610060CAED /* CppRenderBuffer.cpp */; };
		997CE60425387C610060CAED /* CppRenderBuffer.hpp in Headers */ = {isa = PBXBuildFile; fileRef = 997CE60225387C610060CAED /* CppRenderBuffer.hpp */; };
		997CE60725387D5E0060CAED /* CppBuffer.cpp in Sources */ = {isa = PBXBuildFile; fileRef = 997CE60525387D5E0060CAED /* CppBuffer.cpp */; };
		997CE60825387D5E0060CAED /* CppBuffer.hpp in Headers */ = {isa = PBXBuildFile; fileRef = 997CE60625387D5E0060CAED /* CppBuffer.hpp */; };
		997CE60C253932250060CAED /* CppVertexArray.cpp in Sources */ = {isa = PBXBuildFile; fileRef = 997CE60A253932250060CAED /* CppVertexArray.cpp */; };
		997CE60D253932250060CAED /* CppVertexArray.hpp in Headers */ = {isa = PBXBuildFile; fileRef = 997CE60B253932250060CAED /* CppVertexArray.hpp */; };
		997CE6102539A3850060CAED /* CppUtils.cpp in Sources */ = {isa = PBXBuildFile; fileRef = 997CE60E2539A3850060CAED /* CppUtils.cpp */; };
		997CE6112539A3850060CAED /* CppUtils.hpp in Headers */ = {isa = PBXBuildFile; fileRef = 997CE60F2539A3850060CAED /* CppUtils.hpp */; };
/* End PBXBuildFile section */

/* Begin PBXFileReference section */
		997CE5BE253716DE0060CAED /* libCppRender.a */ = {isa = PBXFileReference; explicitFileType = archive.ar; includeInIndex = 0; path = libCppRender.a; sourceTree = BUILT_PRODUCTS_DIR; };
		997CE5C1253716DE0060CAED /* CppRender.hpp */ = {isa = PBXFileReference; lastKnownFileType = sourcecode.cpp.h; path = CppRender.hpp; sourceTree = "<group>"; };
		997CE5C5253716DE0060CAED /* CppRender.cpp */ = {isa = PBXFileReference; lastKnownFileType = sourcecode.cpp.cpp; path = CppRender.cpp; sourceTree = "<group>"; };
		997CE5F9253726E40060CAED /* CppFrameBuffer.cpp */ = {isa = PBXFileReference; lastKnownFileType = sourcecode.cpp.cpp; path = CppFrameBuffer.cpp; sourceTree = "<group>"; };
		997CE5FA253726E40060CAED /* CppFrameBuffer.hpp */ = {isa = PBXFileReference; lastKnownFileType = sourcecode.cpp.h; path = CppFrameBuffer.hpp; sourceTree = "<group>"; };
		997CE5FD253727E30060CAED /* CppContext.cpp */ = {isa = PBXFileReference; lastKnownFileType = sourcecode.cpp.cpp; path = CppContext.cpp; sourceTree = "<group>"; };
		997CE5FE253727E30060CAED /* CppContext.hpp */ = {isa = PBXFileReference; lastKnownFileType = sourcecode.cpp.h; path = CppContext.hpp; sourceTree = "<group>"; };
		997CE60125387C610060CAED /* CppRenderBuffer.cpp */ = {isa = PBXFileReference; lastKnownFileType = sourcecode.cpp.cpp; path = CppRenderBuffer.cpp; sourceTree = "<group>"; };
		997CE60225387C610060CAED /* CppRenderBuffer.hpp */ = {isa = PBXFileReference; lastKnownFileType = sourcecode.cpp.h; path = CppRenderBuffer.hpp; sourceTree = "<group>"; };
		997CE60525387D5E0060CAED /* CppBuffer.cpp */ = {isa = PBXFileReference; lastKnownFileType = sourcecode.cpp.cpp; path = CppBuffer.cpp; sourceTree = "<group>"; };
		997CE60625387D5E0060CAED /* CppBuffer.hpp */ = {isa = PBXFileReference; lastKnownFileType = sourcecode.cpp.h; path = CppBuffer.hpp; sourceTree = "<group>"; };
		997CE60925392AB00060CAED /* CppDefine.h */ = {isa = PBXFileReference; lastKnownFileType = sourcecode.c.h; path = CppDefine.h; sourceTree = "<group>"; };
		997CE60A253932250060CAED /* CppVertexArray.cpp */ = {isa = PBXFileReference; lastKnownFileType = sourcecode.cpp.cpp; path = CppVertexArray.cpp; sourceTree = "<group>"; };
		997CE60B253932250060CAED /* CppVertexArray.hpp */ = {isa = PBXFileReference; lastKnownFileType = sourcecode.cpp.h; path = CppVertexArray.hpp; sourceTree = "<group>"; };
		997CE60E2539A3850060CAED /* CppUtils.cpp */ = {isa = PBXFileReference; lastKnownFileType = sourcecode.cpp.cpp; path = CppUtils.cpp; sourceTree = "<group>"; };
		997CE60F2539A3850060CAED /* CppUtils.hpp */ = {isa = PBXFileReference; lastKnownFileType = sourcecode.cpp.h; path = CppUtils.hpp; sourceTree = "<group>"; };
/* End PBXFileReference section */

/* Begin PBXFrameworksBuildPhase section */
		997CE5BC253716DE0060CAED /* Frameworks */ = {
			isa = PBXFrameworksBuildPhase;
			buildActionMask = 2147483647;
			files = (
			);
			runOnlyForDeploymentPostprocessing = 0;
		};
/* End PBXFrameworksBuildPhase section */

/* Begin PBXGroup section */
		997CE5B5253716DE0060CAED = {
			isa = PBXGroup;
			children = (
				997CE5C0253716DE0060CAED /* CppRender */,
				997CE5BF253716DE0060CAED /* Products */,
			);
			sourceTree = "<group>";
		};
		997CE5BF253716DE0060CAED /* Products */ = {
			isa = PBXGroup;
			children = (
				997CE5BE253716DE0060CAED /* libCppRender.a */,
			);
			name = Products;
			sourceTree = "<group>";
		};
		997CE5C0253716DE0060CAED /* CppRender */ = {
			isa = PBXGroup;
			children = (
				997CE5C1253716DE0060CAED /* CppRender.hpp */,
				997CE5C5253716DE0060CAED /* CppRender.cpp */,
				997CE5F9253726E40060CAED /* CppFrameBuffer.cpp */,
				997CE5FA253726E40060CAED /* CppFrameBuffer.hpp */,
				997CE5FD253727E30060CAED /* CppContext.cpp */,
				997CE5FE253727E30060CAED /* CppContext.hpp */,
				997CE60125387C610060CAED /* CppRenderBuffer.cpp */,
				997CE60225387C610060CAED /* CppRenderBuffer.hpp */,
				997CE60525387D5E0060CAED /* CppBuffer.cpp */,
				997CE60625387D5E0060CAED /* CppBuffer.hpp */,
				997CE60925392AB00060CAED /* CppDefine.h */,
				997CE60A253932250060CAED /* CppVertexArray.cpp */,
				997CE60B253932250060CAED /* CppVertexArray.hpp */,
				997CE60E2539A3850060CAED /* CppUtils.cpp */,
				997CE60F2539A3850060CAED /* CppUtils.hpp */,
			);
			path = CppRender;
			sourceTree = "<group>";
		};
/* End PBXGroup section */

/* Begin PBXHeadersBuildPhase section */
		997CE5BA253716DE0060CAED /* Headers */ = {
			isa = PBXHeadersBuildPhase;
			buildActionMask = 2147483647;
			files = (
				997CE60825387D5E0060CAED /* CppBuffer.hpp in Headers */,
				997CE600253727E30060CAED /* CppContext.hpp in Headers */,
				997CE60D253932250060CAED /* CppVertexArray.hpp in Headers */,
				997CE5C2253716DE0060CAED /* CppRender.hpp in Headers */,
				997CE6112539A3850060CAED /* CppUtils.hpp in Headers */,
				997CE60425387C610060CAED /* CppRenderBuffer.hpp in Headers */,
				997CE5FC253726E40060CAED /* CppFrameBuffer.hpp in Headers */,
			);
			runOnlyForDeploymentPostprocessing = 0;
		};
/* End PBXHeadersBuildPhase section */

/* Begin PBXNativeTarget section */
		997CE5BD253716DE0060CAED /* CppRender */ = {
			isa = PBXNativeTarget;
			buildConfigurationList = 997CE5C9253716DE0060CAED /* Build configuration list for PBXNativeTarget "CppRender" */;
			buildPhases = (
				997CE5BA253716DE0060CAED /* Headers */,
				997CE5BB253716DE0060CAED /* Sources */,
				997CE5BC253716DE0060CAED /* Frameworks */,
			);
			buildRules = (
			);
			dependencies = (
			);
			name = CppRender;
			productName = CppRender;
			productReference = 997CE5BE253716DE0060CAED /* libCppRender.a */;
			productType = "com.apple.product-type.library.static";
		};
/* End PBXNativeTarget section */

/* Begin PBXProject section */
		997CE5B6253716DE0060CAED /* Project object */ = {
			isa = PBXProject;
			attributes = {
				LastUpgradeCheck = 1110;
				ORGANIZATIONNAME = test;
				TargetAttributes = {
					997CE5BD253716DE0060CAED = {
						CreatedOnToolsVersion = 11.1;
					};
				};
			};
			buildConfigurationList = 997CE5B9253716DE0060CAED /* Build configuration list for PBXProject "CppRender" */;
			compatibilityVersion = "Xcode 9.3";
			developmentRegion = en;
			hasScannedForEncodings = 0;
			knownRegions = (
				en,
				Base,
			);
			mainGroup = 997CE5B5253716DE0060CAED;
			productRefGroup = 997CE5BF253716DE0060CAED /* Products */;
			projectDirPath = "";
			projectRoot = "";
			targets = (
				997CE5BD253716DE0060CAED /* CppRender */,
			);
		};
/* End PBXProject section */

/* Begin PBXSourcesBuildPhase section */
		997CE5BB253716DE0060CAED /* Sources */ = {
			isa = PBXSourcesBuildPhase;
			buildActionMask = 2147483647;
			files = (
				997CE60725387D5E0060CAED /* CppBuffer.cpp in Sources */,
				997CE60C253932250060CAED /* CppVertexArray.cpp in Sources */,
				997CE5FF253727E30060CAED /* CppContext.cpp in Sources */,
				997CE60325387C610060CAED /* CppRenderBuffer.cpp in Sources */,
				997CE5C6253716DE0060CAED /* CppRender.cpp in Sources */,
				997CE5FB253726E40060CAED /* CppFrameBuffer.cpp in Sources */,
				997CE6102539A3850060CAED /* CppUtils.cpp in Sources */,
			);
			runOnlyForDeploymentPostprocessing = 0;
		};
/* End PBXSourcesBuildPhase section */

/* Begin XCBuildConfiguration section */
		997CE5C7253716DE0060CAED /* Debug */ = {
			isa = XCBuildConfiguration;
			buildSettings = {
				ALWAYS_SEARCH_USER_PATHS = NO;
				CLANG_ANALYZER_NONNULL = YES;
				CLANG_ANALYZER_NUMBER_OBJECT_CONVERSION = YES_AGGRESSIVE;
				CLANG_CXX_LANGUAGE_STANDARD = "gnu++14";
				CLANG_CXX_LIBRARY = "libc++";
				CLANG_ENABLE_MODULES = YES;
				CLANG_ENABLE_OBJC_ARC = YES;
				CLANG_ENABLE_OBJC_WEAK = YES;
				CLANG_WARN_BLOCK_CAPTURE_AUTORELEASING = YES;
				CLANG_WARN_BOOL_CONVERSION = YES;
				CLANG_WARN_COMMA = YES;
				CLANG_WARN_CONSTANT_CONVERSION = YES;
				CLANG_WARN_DEPRECATED_OBJC_IMPLEMENTATIONS = YES;
				CLANG_WARN_DIRECT_OBJC_ISA_USAGE = YES_ERROR;
				CLANG_WARN_DOCUMENTATION_COMMENTS = YES;
				CLANG_WARN_EMPTY_BODY = YES;
				CLANG_WARN_ENUM_CONVERSION = YES;
				CLANG_WARN_INFINITE_RECURSION = YES;
				CLANG_WARN_INT_CONVERSION = YES;
				CLANG_WARN_NON_LITERAL_NULL_CONVERSION = YES;
				CLANG_WARN_OBJC_IMPLICIT_RETAIN_SELF = YES;
				CLANG_WARN_OBJC_LITERAL_CONVERSION = YES;
				CLANG_WARN_OBJC_ROOT_CLASS = YES_ERROR;
				CLANG_WARN_RANGE_LOOP_ANALYSIS = YES;
				CLANG_WARN_STRICT_PROTOTYPES = YES;
				CLANG_WARN_SUSPICIOUS_MOVE = YES;
				CLANG_WARN_UNGUARDED_AVAILABILITY = YES_AGGRESSIVE;
				CLANG_WARN_UNREACHABLE_CODE = YES;
				CLANG_WARN__DUPLICATE_METHOD_MATCH = YES;
				COPY_PHASE_STRIP = NO;
				DEBUG_INFORMATION_FORMAT = dwarf;
				ENABLE_STRICT_OBJC_MSGSEND = YES;
				ENABLE_TESTABILITY = YES;
				GCC_C_LANGUAGE_STANDARD = gnu11;
				GCC_DYNAMIC_NO_PIC = NO;
				GCC_NO_COMMON_BLOCKS = YES;
				GCC_OPTIMIZATION_LEVEL = 0;
				GCC_PREPROCESSOR_DEFINITIONS = (
					"DEBUG=1",
					"$(inherited)",
				);
				GCC_WARN_64_TO_32_BIT_CONVERSION = YES;
				GCC_WARN_ABOUT_RETURN_TYPE = YES_ERROR;
				GCC_WARN_UNDECLARED_SELECTOR = YES;
				GCC_WARN_UNINITIALIZED_AUTOS = YES_AGGRESSIVE;
				GCC_WARN_UNUSED_FUNCTION = YES;
				GCC_WARN_UNUSED_VARIABLE = YES;
				MACOSX_DEPLOYMENT_TARGET = 10.14;
				MTL_ENABLE_DEBUG_INFO = INCLUDE_SOURCE;
				MTL_FAST_MATH = YES;
				ONLY_ACTIVE_ARCH = YES;
				SDKROOT = macosx;
			};
			name = Debug;
		};
		997CE5C8253716DE0060CAED /* Release */ = {
			isa = XCBuildConfiguration;
			buildSettings = {
				ALWAYS_SEARCH_USER_PATHS = NO;
				CLANG_ANALYZER_NONNULL = YES;
				CLANG_ANALYZER_NUMBER_OBJECT_CONVERSION = YES_AGGRESSIVE;
				CLANG_CXX_LANGUAGE_STANDARD = "gnu++14";
				CLANG_CXX_LIBRARY = "libc++";
				CLANG_ENABLE_MODULES = YES;
				CLANG_ENABLE_OBJC_ARC = YES;
				CLANG_ENABLE_OBJC_WEAK = YES;
				CLANG_WARN_BLOCK_CAPTURE_AUTORELEASING = YES;
				CLANG_WARN_BOOL_CONVERSION = YES;
				CLANG_WARN_COMMA = YES;
				CLANG_WARN_CONSTANT_CONVERSION = YES;
				CLANG_WARN_DEPRECATED_OBJC_IMPLEMENTATIONS = YES;
				CLANG_WARN_DIRECT_OBJC_ISA_USAGE = YES_ERROR;
				CLANG_WARN_DOCUMENTATION_COMMENTS = YES;
				CLANG_WARN_EMPTY_BODY = YES;
				CLANG_WARN_ENUM_CONVERSION = YES;
				CLANG_WARN_INFINITE_RECURSION = YES;
				CLANG_WARN_INT_CONVERSION = YES;
				CLANG_WARN_NON_LITERAL_NULL_CONVERSION = YES;
				CLANG_WARN_OBJC_IMPLICIT_RETAIN_SELF = YES;
				CLANG_WARN_OBJC_LITERAL_CONVERSION = YES;
				CLANG_WARN_OBJC_ROOT_CLASS = YES_ERROR;
				CLANG_WARN_RANGE_LOOP_ANALYSIS = YES;
				CLANG_WARN_STRICT_PROTOTYPES = YES;
				CLANG_WARN_SUSPICIOUS_MOVE = YES;
				CLANG_WARN_UNGUARDED_AVAILABILITY = YES_AGGRESSIVE;
				CLANG_WARN_UNREACHABLE_CODE = YES;
				CLANG_WARN__DUPLICATE_METHOD_MATCH = YES;
				COPY_PHASE_STRIP = NO;
				DEBUG_INFORMATION_FORMAT = "dwarf-with-dsym";
				ENABLE_NS_ASSERTIONS = NO;
				ENABLE_STRICT_OBJC_MSGSEND = YES;
				GCC_C_LANGUAGE_STANDARD = gnu11;
				GCC_NO_COMMON_BLOCKS = YES;
				GCC_WARN_64_TO_32_BIT_CONVERSION = YES;
				GCC_WARN_ABOUT_RETURN_TYPE = YES_ERROR;
				GCC_WARN_UNDECLARED_SELECTOR = YES;
				GCC_WARN_UNINITIALIZED_AUTOS = YES_AGGRESSIVE;
				GCC_WARN_UNUSED_FUNCTION = YES;
				GCC_WARN_UNUSED_VARIABLE = YES;
				MACOSX_DEPLOYMENT_TARGET = 10.14;
				MTL_ENABLE_DEBUG_INFO = NO;
				MTL_FAST_MATH = YES;
				SDKROOT = macosx;
			};
			name = Release;
		};
		997CE5CA253716DE0060CAED /* Debug */ = {
			isa = XCBuildConfiguration;
			buildSettings = {
				CODE_SIGN_STYLE = Automatic;
				DEVELOPMENT_TEAM = 6P6958SGZ2;
				EXECUTABLE_PREFIX = lib;
				GCC_ENABLE_CPP_EXCEPTIONS = YES;
				GCC_ENABLE_CPP_RTTI = YES;
				PRODUCT_NAME = "$(TARGET_NAME)";
				SKIP_INSTALL = YES;
			};
			name = Debug;
		};
		997CE5CB253716DE0060CAED /* Release */ = {
			isa = XCBuildConfiguration;
			buildSettings = {
				CODE_SIGN_STYLE = Automatic;
				DEVELOPMENT_TEAM = 6P6958SGZ2;
				EXECUTABLE_PREFIX = lib;
				GCC_ENABLE_CPP_EXCEPTIONS = YES;
				GCC_ENABLE_CPP_RTTI = YES;
				PRODUCT_NAME = "$(TARGET_NAME)";
				SKIP_INSTALL = YES;
			};
			name = Release;
		};
/* End XCBuildConfiguration section */

/* Begin XCConfigurationList section */
		997CE5B9253716DE0060CAED /* Build configuration list for PBXProject "CppRender" */ = {
			isa = XCConfigurationList;
			buildConfigurations = (
				997CE5C7253716DE0060CAED /* Debug */,
				997CE5C8253716DE0060CAED /* Release */,
			);
			defaultConfigurationIsVisible = 0;
			defaultConfigurationName = Release;
		};
		997CE5C9253716DE0060CAED /* Build configuration list for PBXNativeTarget "CppRender" */ = {
			isa = XCConfigurationList;
			buildConfigurations = (
				997CE5CA253716DE0060CAED /* Debug */,
				997CE5CB253716DE0060CAED /* Release */,
			);
			defaultConfigurationIsVisible = 0;
			defaultConfigurationName = Release;
		};
/* End XCConfigurationList section */
	};
	rootObject = 997CE5B6253716DE0060CAED /* Project object */;
}
